// !$*UTF8*$!
{
	archiveVersion = 1;
	classes = {
	};
	objectVersion = 56;
	objects = {

/* Begin PBXBuildFile section */
		AA0000010000000000000104 /* Assets.xcassets in Resources */ = {isa = PBXBuildFile; fileRef = AA000001000000000000000B /* Assets.xcassets */; };
		AA0000010000000000000107 /* Assets.xcassets in Resources */ = {isa = PBXBuildFile; fileRef = AA000001000000000000000E /* Assets.xcassets */; };
		AA0000010000000000000109 /* TokenBarWidget.appex in Embed Foundation Extensions */ = {isa = PBXBuildFile; fileRef = AA0000010000000000000006 /* TokenBarWidget.appex */; settings = {ATTRIBUTES = (RemoveHeadersOnCopy, ); }; };
		BB0000010000000000000102 /* TokenBarApp.swift in Sources */ = {isa = PBXBuildFile; fileRef = BB0000010000000000000101 /* TokenBarApp.swift */; };
		BB0000010000000000000104 /* AppEnvironment.swift in Sources */ = {isa = PBXBuildFile; fileRef = BB0000010000000000000103 /* AppEnvironment.swift */; };
		BB0000010000000000000106 /* DisplayMode.swift in Sources */ = {isa = PBXBuildFile; fileRef = BB0000010000000000000105 /* DisplayMode.swift */; };
		BB0000010000000000000108 /* MenuBarDisplayFormatter.swift in Sources */ = {isa = PBXBuildFile; fileRef = BB0000010000000000000107 /* MenuBarDisplayFormatter.swift */; };
		BB000001000000000000010A /* ProviderAccount.swift in Sources */ = {isa = PBXBuildFile; fileRef = BB0000010000000000000109 /* ProviderAccount.swift */; };
		BB000001000000000000010C /* UsageAlert.swift in Sources */ = {isa = PBXBuildFile; fileRef = BB000001000000000000010B /* UsageAlert.swift */; };
		BB000001000000000000010E /* UsageForecast.swift in Sources */ = {isa = PBXBuildFile; fileRef = BB000001000000000000010D /* UsageForecast.swift */; };
		BB0000010000000000000110 /* UsageSnapshot.swift in Sources */ = {isa = PBXBuildFile; fileRef = BB000001000000000000010F /* UsageSnapshot.swift */; };
		BB0000010000000000000112 /* MockProviderConnector.swift in Sources */ = {isa = PBXBuildFile; fileRef = BB0000010000000000000111 /* MockProviderConnector.swift */; };
		BB0000010000000000000114 /* ProviderConnector.swift in Sources */ = {isa = PBXBuildFile; fileRef = BB0000010000000000000113 /* ProviderConnector.swift */; };
		BB0000010000000000000116 /* ProviderRegistry.swift in Sources */ = {isa = PBXBuildFile; fileRef = BB0000010000000000000115 /* ProviderRegistry.swift */; };
		BB0000010000000000000118 /* UsageService.swift in Sources */ = {isa = PBXBuildFile; fileRef = BB0000010000000000000117 /* UsageService.swift */; };
		BB000001000000000000011A /* UsageStore.swift in Sources */ = {isa = PBXBuildFile; fileRef = BB0000010000000000000119 /* UsageStore.swift */; };
		BB000001000000000000011C /* UserPreferences.swift in Sources */ = {isa = PBXBuildFile; fileRef = BB000001000000000000011B /* UserPreferences.swift */; };
		BB000001000000000000011E /* MenuBarLabelView.swift in Sources */ = {isa = PBXBuildFile; fileRef = BB000001000000000000011D /* MenuBarLabelView.swift */; };
		BB0000010000000000000120 /* MenuBarView.swift in Sources */ = {isa = PBXBuildFile; fileRef = BB000001000000000000011F /* MenuBarView.swift */; };
		BB0000010000000000000122 /* SettingsView.swift in Sources */ = {isa = PBXBuildFile; fileRef = BB0000010000000000000121 /* SettingsView.swift */; };
		BB0000010000000000000124 /* TokenBarTests.swift in Sources */ = {isa = PBXBuildFile; fileRef = BB0000010000000000000123 /* TokenBarTests.swift */; };
		BB0000010000000000000126 /* MenuBarDisplayFormatterTests.swift in Sources */ = {isa = PBXBuildFile; fileRef = BB0000010000000000000125 /* MenuBarDisplayFormatterTests.swift */; };
		BB0000010000000000000128 /* MockProviderConnectorTests.swift in Sources */ = {isa = PBXBuildFile; fileRef = BB0000010000000000000127 /* MockProviderConnectorTests.swift */; };
		BB000001000000000000012A /* ProviderRegistryTests.swift in Sources */ = {isa = PBXBuildFile; fileRef = BB0000010000000000000129 /* ProviderRegistryTests.swift */; };
		BB000001000000000000012C /* UsageServiceTests.swift in Sources */ = {isa = PBXBuildFile; fileRef = BB000001000000000000012B /* UsageServiceTests.swift */; };
		CC0000010000000000000102 /* ProviderDescriptor.swift in Sources */ = {isa = PBXBuildFile; fileRef = CC0000010000000000000101 /* ProviderDescriptor.swift */; };
		CC0000010000000000000104 /* ProviderFactory.swift in Sources */ = {isa = PBXBuildFile; fileRef = CC0000010000000000000103 /* ProviderFactory.swift */; };
		CC0000010000000000000106 /* ProviderLifecycleService.swift in Sources */ = {isa = PBXBuildFile; fileRef = CC0000010000000000000105 /* ProviderLifecycleService.swift */; };
		CC0000010000000000000108 /* BuiltinProviderRegistration.swift in Sources */ = {isa = PBXBuildFile; fileRef = CC0000010000000000000107 /* BuiltinProviderRegistration.swift */; };
		CC000001000000000000010A /* MockProviderFactory.swift in Sources */ = {isa = PBXBuildFile; fileRef = CC0000010000000000000109 /* MockProviderFactory.swift */; };
		CC000001000000000000010C /* FailingMockProviderConnector.swift in Sources */ = {isa = PBXBuildFile; fileRef = CC000001000000000000010B /* FailingMockProviderConnector.swift */; };
		CC000001000000000000010E /* ProviderLifecycleServiceTests.swift in Sources */ = {isa = PBXBuildFile; fileRef = CC000001000000000000010D /* ProviderLifecycleServiceTests.swift */; };
		DD0000010000000000000102 /* CredentialKey.swift in Sources */ = {isa = PBXBuildFile; fileRef = DD0000010000000000000101 /* CredentialKey.swift */; };
		DD0000010000000000000104 /* ProviderCredentialStore.swift in Sources */ = {isa = PBXBuildFile; fileRef = DD0000010000000000000103 /* ProviderCredentialStore.swift */; };
		DD0000010000000000000106 /* KeychainCredentialStore.swift in Sources */ = {isa = PBXBuildFile; fileRef = DD0000010000000000000105 /* KeychainCredentialStore.swift */; };
		DD0000010000000000000108 /* ProviderConfigurationStore.swift in Sources */ = {isa = PBXBuildFile; fileRef = DD0000010000000000000107 /* ProviderConfigurationStore.swift */; };
		DD000001000000000000010A /* ProviderFactoryContext.swift in Sources */ = {isa = PBXBuildFile; fileRef = DD0000010000000000000109 /* ProviderFactoryContext.swift */; };
		DD000001000000000000010C /* CursorTeamAPIClient.swift in Sources */ = {isa = PBXBuildFile; fileRef = DD000001000000000000010B /* CursorTeamAPIClient.swift */; };
		DD000001000000000000010E /* CursorTeamSpendMapper.swift in Sources */ = {isa = PBXBuildFile; fileRef = DD000001000000000000010D /* CursorTeamSpendMapper.swift */; };
		DD0000010000000000000110 /* CursorTeamProviderConnector.swift in Sources */ = {isa = PBXBuildFile; fileRef = DD000001000000000000010F /* CursorTeamProviderConnector.swift */; };
		DD0000010000000000000112 /* CursorTeamProviderFactory.swift in Sources */ = {isa = PBXBuildFile; fileRef = DD0000010000000000000111 /* CursorTeamProviderFactory.swift */; };
		DD0000010000000000000114 /* ProxyProviderConnector.swift in Sources */ = {isa = PBXBuildFile; fileRef = DD0000010000000000000113 /* ProxyProviderConnector.swift */; };
		DD0000010000000000000116 /* ProxyProviderFactory.swift in Sources */ = {isa = PBXBuildFile; fileRef = DD0000010000000000000115 /* ProxyProviderFactory.swift */; };
		DD0000010000000000000118 /* ProviderConnectionForm.swift in Sources */ = {isa = PBXBuildFile; fileRef = DD0000010000000000000117 /* ProviderConnectionForm.swift */; };
		DD000001000000000000011A /* InMemoryCredentialStore.swift in Sources */ = {isa = PBXBuildFile; fileRef = DD0000010000000000000119 /* InMemoryCredentialStore.swift */; };
		DD000001000000000000011C /* MockURLProtocol.swift in Sources */ = {isa = PBXBuildFile; fileRef = DD000001000000000000011B /* MockURLProtocol.swift */; };
		DD000001000000000000011E /* CursorTeamSpendMapperTests.swift in Sources */ = {isa = PBXBuildFile; fileRef = DD000001000000000000011D /* CursorTeamSpendMapperTests.swift */; };
		DD0000010000000000000120 /* CursorTeamProviderConnectorTests.swift in Sources */ = {isa = PBXBuildFile; fileRef = DD000001000000000000011F /* CursorTeamProviderConnectorTests.swift */; };
		DD0000010000000000000122 /* ProxyProviderConnectorTests.swift in Sources */ = {isa = PBXBuildFile; fileRef = DD0000010000000000000121 /* ProxyProviderConnectorTests.swift */; };
		EE0000010000000000000102 /* ProviderStability.swift in Sources */ = {isa = PBXBuildFile; fileRef = EE0000010000000000000101 /* ProviderStability.swift */; };
		EE0000010000000000000104 /* ProviderConnectionStatus.swift in Sources */ = {isa = PBXBuildFile; fileRef = EE0000010000000000000103 /* ProviderConnectionStatus.swift */; };
		EE0000010000000000000106 /* CursorPersonalConnectionMethod.swift in Sources */ = {isa = PBXBuildFile; fileRef = EE0000010000000000000105 /* CursorPersonalConnectionMethod.swift */; };
		EE0000010000000000000108 /* CursorPersonalDashboardServing.swift in Sources */ = {isa = PBXBuildFile; fileRef = EE0000010000000000000107 /* CursorPersonalDashboardServing.swift */; };
		EE000001000000000000010A /* CursorPersonalSessionValidator.swift in Sources */ = {isa = PBXBuildFile; fileRef = EE0000010000000000000109 /* CursorPersonalSessionValidator.swift */; };
		EE000001000000000000010C /* ExperimentalCursorPersonalDashboardClient.swift in Sources */ = {isa = PBXBuildFile; fileRef = EE000001000000000000010B /* ExperimentalCursorPersonalDashboardClient.swift */; };
		EE000001000000000000010E /* CursorPersonalProviderConnector.swift in Sources */ = {isa = PBXBuildFile; fileRef = EE000001000000000000010D /* CursorPersonalProviderConnector.swift */; };
		EE0000010000000000000110 /* CursorPersonalProviderFactory.swift in Sources */ = {isa = PBXBuildFile; fileRef = EE000001000000000000010F /* CursorPersonalProviderFactory.swift */; };
		EE0000010000000000000112 /* AdvancedProvidersView.swift in Sources */ = {isa = PBXBuildFile; fileRef = EE0000010000000000000111 /* AdvancedProvidersView.swift */; };
		EE0000010000000000000114 /* CursorPersonalDashboardClientTests.swift in Sources */ = {isa = PBXBuildFile; fileRef = EE0000010000000000000113 /* CursorPersonalDashboardClientTests.swift */; };
		EE0000010000000000000116 /* CursorPersonalSessionValidatorTests.swift in Sources */ = {isa = PBXBuildFile; fileRef = EE0000010000000000000115 /* CursorPersonalSessionValidatorTests.swift */; };
		FF0000010000000000000102 /* UsageHistorySample.swift in Sources */ = {isa = PBXBuildFile; fileRef = FF0000010000000000000101 /* UsageHistorySample.swift */; };
		FF0000010000000000000104 /* ForecastingEngine.swift in Sources */ = {isa = PBXBuildFile; fileRef = FF0000010000000000000103 /* ForecastingEngine.swift */; };
		FF0000010000000000000106 /* UsageHistoryStore.swift in Sources */ = {isa = PBXBuildFile; fileRef = FF0000010000000000000105 /* UsageHistoryStore.swift */; };
		FF0000010000000000000108 /* ForecastingEngineTests.swift in Sources */ = {isa = PBXBuildFile; fileRef = FF0000010000000000000107 /* ForecastingEngineTests.swift */; };
		FF000001000000000000010A /* UsageHistoryStoreTests.swift in Sources */ = {isa = PBXBuildFile; fileRef = FF0000010000000000000109 /* UsageHistoryStoreTests.swift */; };
/* End PBXBuildFile section */

/* Begin PBXContainerItemProxy section */
		AA000001000000000000001D /* PBXContainerItemProxy */ = {
			isa = PBXContainerItemProxy;
			containerPortal = AA0000010000000000000001 /* Project object */;
			proxyType = 1;
			remoteGlobalIDString = AA0000010000000000000002;
			remoteInfo = TokenBar;
		};
		AA0000010000000000000032 /* PBXContainerItemProxy */ = {
			isa = PBXContainerItemProxy;
			containerPortal = AA0000010000000000000001 /* Project object */;
			proxyType = 1;
			remoteGlobalIDString = AA0000010000000000000003;
			remoteInfo = TokenBarWidget;
		};
/* End PBXContainerItemProxy section */

/* Begin PBXCopyFilesBuildPhase section */
		AA000001000000000000002C /* Embed Foundation Extensions */ = {
			isa = PBXCopyFilesBuildPhase;
			buildActionMask = 2147483647;
			dstPath = "";
			dstSubfolderSpec = 13;
			files = (
				AA0000010000000000000109 /* TokenBarWidget.appex in Embed Foundation Extensions */,
			);
			name = "Embed Foundation Extensions";
			runOnlyForDeploymentPostprocessing = 0;
		};
/* End PBXCopyFilesBuildPhase section */

/* Begin PBXFileReference section */
		AA0000010000000000000005 /* TokenBar.app */ = {isa = PBXFileReference; explicitFileType = wrapper.application; includeInIndex = 0; path = TokenBar.app; sourceTree = BUILT_PRODUCTS_DIR; };
		AA0000010000000000000006 /* TokenBarWidget.appex */ = {isa = PBXFileReference; explicitFileType = "wrapper.app-extension"; includeInIndex = 0; path = TokenBarWidget.appex; sourceTree = BUILT_PRODUCTS_DIR; };
		AA0000010000000000000007 /* TokenBarTests.xctest */ = {isa = PBXFileReference; explicitFileType = wrapper.cfbundle; includeInIndex = 0; path = TokenBarTests.xctest; sourceTree = BUILT_PRODUCTS_DIR; };
		AA000001000000000000000B /* Assets.xcassets */ = {isa = PBXFileReference; lastKnownFileType = folder.assetcatalog; path = Assets.xcassets; sourceTree = "<group>"; };
		AA000001000000000000000C /* TokenBarWidgetBundle.swift */ = {isa = PBXFileReference; lastKnownFileType = sourcecode.swift; path = TokenBarWidgetBundle.swift; sourceTree = "<group>"; };
		AA000001000000000000000D /* TokenBarWidget.swift */ = {isa = PBXFileReference; lastKnownFileType = sourcecode.swift; path = TokenBarWidget.swift; sourceTree = "<group>"; };
		AA000001000000000000000E /* Assets.xcassets */ = {isa = PBXFileReference; lastKnownFileType = folder.assetcatalog; path = Assets.xcassets; sourceTree = "<group>"; };
		BB0000010000000000000101 /* TokenBarApp.swift */ = {isa = PBXFileReference; lastKnownFileType = sourcecode.swift; path = TokenBarApp.swift; sourceTree = "<group>"; };
		BB0000010000000000000103 /* AppEnvironment.swift */ = {isa = PBXFileReference; lastKnownFileType = sourcecode.swift; path = AppEnvironment.swift; sourceTree = "<group>"; };
		BB0000010000000000000105 /* DisplayMode.swift */ = {isa = PBXFileReference; lastKnownFileType = sourcecode.swift; path = DisplayMode.swift; sourceTree = "<group>"; };
		BB0000010000000000000107 /* MenuBarDisplayFormatter.swift */ = {isa = PBXFileReference; lastKnownFileType = sourcecode.swift; path = MenuBarDisplayFormatter.swift; sourceTree = "<group>"; };
		BB0000010000000000000109 /* ProviderAccount.swift */ = {isa = PBXFileReference; lastKnownFileType = sourcecode.swift; path = ProviderAccount.swift; sourceTree = "<group>"; };
		BB000001000000000000010B /* UsageAlert.swift */ = {isa = PBXFileReference; lastKnownFileType = sourcecode.swift; path = UsageAlert.swift; sourceTree = "<group>"; };
		BB000001000000000000010D /* UsageForecast.swift */ = {isa = PBXFileReference; lastKnownFileType = sourcecode.swift; path = UsageForecast.swift; sourceTree = "<group>"; };
		BB000001000000000000010F /* UsageSnapshot.swift */ = {isa = PBXFileReference; lastKnownFileType = sourcecode.swift; path = UsageSnapshot.swift; sourceTree = "<group>"; };
		BB0000010000000000000111 /* MockProviderConnector.swift */ = {isa = PBXFileReference; lastKnownFileType = sourcecode.swift; path = MockProviderConnector.swift; sourceTree = "<group>"; };
		BB0000010000000000000113 /* ProviderConnector.swift */ = {isa = PBXFileReference; lastKnownFileType = sourcecode.swift; path = ProviderConnector.swift; sourceTree = "<group>"; };
		BB0000010000000000000115 /* ProviderRegistry.swift */ = {isa = PBXFileReference; lastKnownFileType = sourcecode.swift; path = ProviderRegistry.swift; sourceTree = "<group>"; };
		BB0000010000000000000117 /* UsageService.swift */ = {isa = PBXFileReference; lastKnownFileType = sourcecode.swift; path = UsageService.swift; sourceTree = "<group>"; };
		BB0000010000000000000119 /* UsageStore.swift */ = {isa = PBXFileReference; lastKnownFileType = sourcecode.swift; path = UsageStore.swift; sourceTree = "<group>"; };
		BB000001000000000000011B /* UserPreferences.swift */ = {isa = PBXFileReference; lastKnownFileType = sourcecode.swift; path = UserPreferences.swift; sourceTree = "<group>"; };
		BB000001000000000000011D /* MenuBarLabelView.swift */ = {isa = PBXFileReference; lastKnownFileType = sourcecode.swift; path = MenuBarLabelView.swift; sourceTree = "<group>"; };
		BB000001000000000000011F /* MenuBarView.swift */ = {isa = PBXFileReference; lastKnownFileType = sourcecode.swift; path = MenuBarView.swift; sourceTree = "<group>"; };
		BB0000010000000000000121 /* SettingsView.swift */ = {isa = PBXFileReference; lastKnownFileType = sourcecode.swift; path = SettingsView.swift; sourceTree = "<group>"; };
		BB0000010000000000000123 /* TokenBarTests.swift */ = {isa = PBXFileReference; lastKnownFileType = sourcecode.swift; path = TokenBarTests.swift; sourceTree = "<group>"; };
		BB0000010000000000000125 /* MenuBarDisplayFormatterTests.swift */ = {isa = PBXFileReference; lastKnownFileType = sourcecode.swift; path = MenuBarDisplayFormatterTests.swift; sourceTree = "<group>"; };
		BB0000010000000000000127 /* MockProviderConnectorTests.swift */ = {isa = PBXFileReference; lastKnownFileType = sourcecode.swift; path = MockProviderConnectorTests.swift; sourceTree = "<group>"; };
		BB0000010000000000000129 /* ProviderRegistryTests.swift */ = {isa = PBXFileReference; lastKnownFileType = sourcecode.swift; path = ProviderRegistryTests.swift; sourceTree = "<group>"; };
		BB000001000000000000012B /* UsageServiceTests.swift */ = {isa = PBXFileReference; lastKnownFileType = sourcecode.swift; path = UsageServiceTests.swift; sourceTree = "<group>"; };
		CC0000010000000000000101 /* ProviderDescriptor.swift */ = {isa = PBXFileReference; lastKnownFileType = sourcecode.swift; path = ProviderDescriptor.swift; sourceTree = "<group>"; };
		CC0000010000000000000103 /* ProviderFactory.swift */ = {isa = PBXFileReference; lastKnownFileType = sourcecode.swift; path = ProviderFactory.swift; sourceTree = "<group>"; };
		CC0000010000000000000105 /* ProviderLifecycleService.swift */ = {isa = PBXFileReference; lastKnownFileType = sourcecode.swift; path = ProviderLifecycleService.swift; sourceTree = "<group>"; };
		CC0000010000000000000107 /* BuiltinProviderRegistration.swift */ = {isa = PBXFileReference; lastKnownFileType = sourcecode.swift; path = BuiltinProviderRegistration.swift; sourceTree = "<group>"; };
		CC0000010000000000000109 /* MockProviderFactory.swift */ = {isa = PBXFileReference; lastKnownFileType = sourcecode.swift; path = MockProviderFactory.swift; sourceTree = "<group>"; };
		CC000001000000000000010B /* FailingMockProviderConnector.swift */ = {isa = PBXFileReference; lastKnownFileType = sourcecode.swift; path = FailingMockProviderConnector.swift; sourceTree = "<group>"; };
		CC000001000000000000010D /* ProviderLifecycleServiceTests.swift */ = {isa = PBXFileReference; lastKnownFileType = sourcecode.swift; path = ProviderLifecycleServiceTests.swift; sourceTree = "<group>"; };
		DD0000010000000000000101 /* CredentialKey.swift */ = {isa = PBXFileReference; lastKnownFileType = sourcecode.swift; path = CredentialKey.swift; sourceTree = "<group>"; };
		DD0000010000000000000103 /* ProviderCredentialStore.swift */ = {isa = PBXFileReference; lastKnownFileType = sourcecode.swift; path = ProviderCredentialStore.swift; sourceTree = "<group>"; };
		DD0000010000000000000105 /* KeychainCredentialStore.swift */ = {isa = PBXFileReference; lastKnownFileType = sourcecode.swift; path = KeychainCredentialStore.swift; sourceTree = "<group>"; };
		DD0000010000000000000107 /* ProviderConfigurationStore.swift */ = {isa = PBXFileReference; lastKnownFileType = sourcecode.swift; path = ProviderConfigurationStore.swift; sourceTree = "<group>"; };
		DD0000010000000000000109 /* ProviderFactoryContext.swift */ = {isa = PBXFileReference; lastKnownFileType = sourcecode.swift; path = ProviderFactoryContext.swift; sourceTree = "<group>"; };
		DD000001000000000000010B /* CursorTeamAPIClient.swift */ = {isa = PBXFileReference; lastKnownFileType = sourcecode.swift; path = CursorTeamAPIClient.swift; sourceTree = "<group>"; };
		DD000001000000000000010D /* CursorTeamSpendMapper.swift */ = {isa = PBXFileReference; lastKnownFileType = sourcecode.swift; path = CursorTeamSpendMapper.swift; sourceTree = "<group>"; };
		DD000001000000000000010F /* CursorTeamProviderConnector.swift */ = {isa = PBXFileReference; lastKnownFileType = sourcecode.swift; path = CursorTeamProviderConnector.swift; sourceTree = "<group>"; };
		DD0000010000000000000111 /* CursorTeamProviderFactory.swift */ = {isa = PBXFileReference; lastKnownFileType = sourcecode.swift; path = CursorTeamProviderFactory.swift; sourceTree = "<group>"; };
		DD0000010000000000000113 /* ProxyProviderConnector.swift */ = {isa = PBXFileReference; lastKnownFileType = sourcecode.swift; path = ProxyProviderConnector.swift; sourceTree = "<group>"; };
		DD0000010000000000000115 /* ProxyProviderFactory.swift */ = {isa = PBXFileReference; lastKnownFileType = sourcecode.swift; path = ProxyProviderFactory.swift; sourceTree = "<group>"; };
		DD0000010000000000000117 /* ProviderConnectionForm.swift */ = {isa = PBXFileReference; lastKnownFileType = sourcecode.swift; path = ProviderConnectionForm.swift; sourceTree = "<group>"; };
		DD0000010000000000000119 /* InMemoryCredentialStore.swift */ = {isa = PBXFileReference; lastKnownFileType = sourcecode.swift; path = InMemoryCredentialStore.swift; sourceTree = "<group>"; };
		DD000001000000000000011B /* MockURLProtocol.swift */ = {isa = PBXFileReference; lastKnownFileType = sourcecode.swift; path = MockURLProtocol.swift; sourceTree = "<group>"; };
		DD000001000000000000011D /* CursorTeamSpendMapperTests.swift */ = {isa = PBXFileReference; lastKnownFileType = sourcecode.swift; path = CursorTeamSpendMapperTests.swift; sourceTree = "<group>"; };
		DD000001000000000000011F /* CursorTeamProviderConnectorTests.swift */ = {isa = PBXFileReference; lastKnownFileType = sourcecode.swift; path = CursorTeamProviderConnectorTests.swift; sourceTree = "<group>"; };
		DD0000010000000000000121 /* ProxyProviderConnectorTests.swift */ = {isa = PBXFileReference; lastKnownFileType = sourcecode.swift; path = ProxyProviderConnectorTests.swift; sourceTree = "<group>"; };
		EE0000010000000000000101 /* ProviderStability.swift */ = {isa = PBXFileReference; lastKnownFileType = sourcecode.swift; path = ProviderStability.swift; sourceTree = "<group>"; };
		EE0000010000000000000103 /* ProviderConnectionStatus.swift */ = {isa = PBXFileReference; lastKnownFileType = sourcecode.swift; path = ProviderConnectionStatus.swift; sourceTree = "<group>"; };
		EE0000010000000000000105 /* CursorPersonalConnectionMethod.swift */ = {isa = PBXFileReference; lastKnownFileType = sourcecode.swift; path = CursorPersonalConnectionMethod.swift; sourceTree = "<group>"; };
		EE0000010000000000000107 /* CursorPersonalDashboardServing.swift */ = {isa = PBXFileReference; lastKnownFileType = sourcecode.swift; path = CursorPersonalDashboardServing.swift; sourceTree = "<group>"; };
		EE0000010000000000000109 /* CursorPersonalSessionValidator.swift */ = {isa = PBXFileReference; lastKnownFileType = sourcecode.swift; path = CursorPersonalSessionValidator.swift; sourceTree = "<group>"; };
		EE000001000000000000010B /* ExperimentalCursorPersonalDashboardClient.swift */ = {isa = PBXFileReference; lastKnownFileType = sourcecode.swift; path = ExperimentalCursorPersonalDashboardClient.swift; sourceTree = "<group>"; };
		EE000001000000000000010D /* CursorPersonalProviderConnector.swift */ = {isa = PBXFileReference; lastKnownFileType = sourcecode.swift; path = CursorPersonalProviderConnector.swift; sourceTree = "<group>"; };
		EE000001000000000000010F /* CursorPersonalProviderFactory.swift */ = {isa = PBXFileReference; lastKnownFileType = sourcecode.swift; path = CursorPersonalProviderFactory.swift; sourceTree = "<group>"; };
		EE0000010000000000000111 /* AdvancedProvidersView.swift */ = {isa = PBXFileReference; lastKnownFileType = sourcecode.swift; path = AdvancedProvidersView.swift; sourceTree = "<group>"; };
		EE0000010000000000000113 /* CursorPersonalDashboardClientTests.swift */ = {isa = PBXFileReference; lastKnownFileType = sourcecode.swift; path = CursorPersonalDashboardClientTests.swift; sourceTree = "<group>"; };
		EE0000010000000000000115 /* CursorPersonalSessionValidatorTests.swift */ = {isa = PBXFileReference; lastKnownFileType = sourcecode.swift; path = CursorPersonalSessionValidatorTests.swift; sourceTree = "<group>"; };
		FF0000010000000000000101 /* UsageHistorySample.swift */ = {isa = PBXFileReference; lastKnownFileType = sourcecode.swift; path = UsageHistorySample.swift; sourceTree = "<group>"; };
		FF0000010000000000000103 /* ForecastingEngine.swift */ = {isa = PBXFileReference; lastKnownFileType = sourcecode.swift; path = ForecastingEngine.swift; sourceTree = "<group>"; };
		FF0000010000000000000105 /* UsageHistoryStore.swift */ = {isa = PBXFileReference; lastKnownFileType = sourcecode.swift; path = UsageHistoryStore.swift; sourceTree = "<group>"; };
		FF0000010000000000000107 /* ForecastingEngineTests.swift */ = {isa = PBXFileReference; lastKnownFileType = sourcecode.swift; path = ForecastingEngineTests.swift; sourceTree = "<group>"; };
		FF0000010000000000000109 /* UsageHistoryStoreTests.swift */ = {isa = PBXFileReference; lastKnownFileType = sourcecode.swift; path = UsageHistoryStoreTests.swift; sourceTree = "<group>"; };
/* End PBXFileReference section */

/* Begin PBXFrameworksBuildPhase section */
		AA000001000000000000001B /* Frameworks */ = {
			isa = PBXFrameworksBuildPhase;
			buildActionMask = 2147483647;
			files = (
			);
			runOnlyForDeploymentPostprocessing = 0;
		};
		AA0000010000000000000030 /* Frameworks */ = {
			isa = PBXFrameworksBuildPhase;
			buildActionMask = 2147483647;
			files = (
			);
			runOnlyForDeploymentPostprocessing = 0;
		};
		AA0000010000000000000031 /* Frameworks */ = {
			isa = PBXFrameworksBuildPhase;
			buildActionMask = 2147483647;
			files = (
			);
			runOnlyForDeploymentPostprocessing = 0;
		};
/* End PBXFrameworksBuildPhase section */

/* Begin PBXGroup section */
		AA0000010000000000000011 /* TokenBarWidget */ = {
			isa = PBXGroup;
			children = (
				AA000001000000000000000C /* TokenBarWidgetBundle.swift */,
				AA000001000000000000000D /* TokenBarWidget.swift */,
				AA000001000000000000000E /* Assets.xcassets */,
			);
			path = TokenBarWidget;
			sourceTree = "<group>";
		};
		AA0000010000000000000013 /* Products */ = {
			isa = PBXGroup;
			children = (
				AA0000010000000000000005 /* TokenBar.app */,
				AA0000010000000000000006 /* TokenBarWidget.appex */,
				AA0000010000000000000007 /* TokenBarTests.xctest */,
			);
			name = Products;
			sourceTree = "<group>";
		};
		AA0000010000000000000014 = {
			isa = PBXGroup;
			children = (
				BB000001000000000000012D /* TokenBar */,
				AA0000010000000000000011 /* TokenBarWidget */,
				BB0000010000000000000137 /* TokenBarTests */,
				AA0000010000000000000013 /* Products */,
			);
			sourceTree = "<group>";
		};
		BB000001000000000000012D /* TokenBar */ = {
			isa = PBXGroup;
			children = (
				BB0000010000000000000101 /* TokenBarApp.swift */,
				BB000001000000000000012E /* App */,
				BB000001000000000000012F /* Domain */,
				BB0000010000000000000131 /* Providers */,
				BB0000010000000000000133 /* Services */,
				BB0000010000000000000134 /* UI */,
				AA000001000000000000000B /* Assets.xcassets */,
			);
			path = TokenBar;
			sourceTree = "<group>";
		};
		BB000001000000000000012E /* App */ = {
			isa = PBXGroup;
			children = (
				BB0000010000000000000103 /* AppEnvironment.swift */,
			);
			path = App;
			sourceTree = "<group>";
		};
		BB000001000000000000012F /* Domain */ = {
			isa = PBXGroup;
			children = (
				BB0000010000000000000105 /* DisplayMode.swift */,
				BB0000010000000000000107 /* MenuBarDisplayFormatter.swift */,
				FF0000010000000000000103 /* ForecastingEngine.swift */,
				EE0000010000000000000101 /* ProviderStability.swift */,
				EE0000010000000000000103 /* ProviderConnectionStatus.swift */,
				EE0000010000000000000105 /* CursorPersonalConnectionMethod.swift */,
				BB0000010000000000000130 /* Models */,
			);
			path = Domain;
			sourceTree = "<group>";
		};
		BB0000010000000000000130 /* Models */ = {
			isa = PBXGroup;
			children = (
				BB0000010000000000000109 /* ProviderAccount.swift */,
				BB000001000000000000010B /* UsageAlert.swift */,
				BB000001000000000000010D /* UsageForecast.swift */,
				FF0000010000000000000101 /* UsageHistorySample.swift */,
				BB000001000000000000010F /* UsageSnapshot.swift */,
			);
			path = Models;
			sourceTree = "<group>";
		};
		BB0000010000000000000131 /* Providers */ = {
			isa = PBXGroup;
			children = (
				CC0000010000000000000101 /* ProviderDescriptor.swift */,
				CC0000010000000000000103 /* ProviderFactory.swift */,
				DD0000010000000000000109 /* ProviderFactoryContext.swift */,
				BB0000010000000000000113 /* ProviderConnector.swift */,
				BB0000010000000000000115 /* ProviderRegistry.swift */,
				CC0000010000000000000105 /* ProviderLifecycleService.swift */,
				CC0000010000000000000107 /* BuiltinProviderRegistration.swift */,
				DD0000010000000000000201 /* Credentials */,
				DD0000010000000000000202 /* Cursor */,
				DD0000010000000000000203 /* Proxy */,
				BB0000010000000000000132 /* Mock */,
			);
			path = Providers;
			sourceTree = "<group>";
		};
		BB0000010000000000000132 /* Mock */ = {
			isa = PBXGroup;
			children = (
				BB0000010000000000000111 /* MockProviderConnector.swift */,
				CC0000010000000000000109 /* MockProviderFactory.swift */,
				CC000001000000000000010B /* FailingMockProviderConnector.swift */,
			);
			path = Mock;
			sourceTree = "<group>";
		};
		BB0000010000000000000133 /* Services */ = {
			isa = PBXGroup;
			children = (
				BB0000010000000000000117 /* UsageService.swift */,
				FF0000010000000000000105 /* UsageHistoryStore.swift */,
				BB0000010000000000000119 /* UsageStore.swift */,
				BB000001000000000000011B /* UserPreferences.swift */,
				DD0000010000000000000107 /* ProviderConfigurationStore.swift */,
			);
			path = Services;
			sourceTree = "<group>";
		};
		BB0000010000000000000134 /* UI */ = {
			isa = PBXGroup;
			children = (
				BB0000010000000000000135 /* MenuBar */,
				BB0000010000000000000136 /* Settings */,
			);
			path = UI;
			sourceTree = "<group>";
		};
		BB0000010000000000000135 /* MenuBar */ = {
			isa = PBXGroup;
			children = (
				BB000001000000000000011D /* MenuBarLabelView.swift */,
				BB000001000000000000011F /* MenuBarView.swift */,
			);
			path = MenuBar;
			sourceTree = "<group>";
		};
		BB0000010000000000000136 /* Settings */ = {
			isa = PBXGroup;
			children = (
				BB0000010000000000000121 /* SettingsView.swift */,
				DD0000010000000000000117 /* ProviderConnectionForm.swift */,
				EE0000010000000000000111 /* AdvancedProvidersView.swift */,
			);
			path = Settings;
			sourceTree = "<group>";
		};
		BB0000010000000000000137 /* TokenBarTests */ = {
			isa = PBXGroup;
			children = (
				BB0000010000000000000123 /* TokenBarTests.swift */,
				DD0000010000000000000204 /* Support */,
				BB0000010000000000000138 /* Domain */,
				BB0000010000000000000139 /* Providers */,
				BB000001000000000000013A /* Services */,
			);
			path = TokenBarTests;
			sourceTree = "<group>";
		};
		BB0000010000000000000138 /* Domain */ = {
			isa = PBXGroup;
			children = (
				FF0000010000000000000107 /* ForecastingEngineTests.swift */,
				BB0000010000000000000125 /* MenuBarDisplayFormatterTests.swift */,
			);
			path = Domain;
			sourceTree = "<group>";
		};
		BB0000010000000000000139 /* Providers */ = {
			isa = PBXGroup;
			children = (
				BB0000010000000000000127 /* MockProviderConnectorTests.swift */,
				BB0000010000000000000129 /* ProviderRegistryTests.swift */,
				CC000001000000000000010D /* ProviderLifecycleServiceTests.swift */,
				DD000001000000000000011D /* CursorTeamSpendMapperTests.swift */,
				DD000001000000000000011F /* CursorTeamProviderConnectorTests.swift */,
				DD0000010000000000000121 /* ProxyProviderConnectorTests.swift */,
				EE0000010000000000000113 /* CursorPersonalDashboardClientTests.swift */,
				EE0000010000000000000115 /* CursorPersonalSessionValidatorTests.swift */,
			);
			path = Providers;
			sourceTree = "<group>";
		};
		BB000001000000000000013A /* Services */ = {
			isa = PBXGroup;
			children = (
				BB000001000000000000012B /* UsageServiceTests.swift */,
				FF0000010000000000000109 /* UsageHistoryStoreTests.swift */,
			);
			path = Services;
			sourceTree = "<group>";
		};
		DD0000010000000000000201 /* Credentials */ = {
			isa = PBXGroup;
			children = (
				DD0000010000000000000101 /* CredentialKey.swift */,
				DD0000010000000000000103 /* ProviderCredentialStore.swift */,
				DD0000010000000000000105 /* KeychainCredentialStore.swift */,
			);
			path = Credentials;
			sourceTree = "<group>";
		};
		DD0000010000000000000202 /* Cursor */ = {
			isa = PBXGroup;
			children = (
				DD000001000000000000010B /* CursorTeamAPIClient.swift */,
				DD000001000000000000010D /* CursorTeamSpendMapper.swift */,
				DD000001000000000000010F /* CursorTeamProviderConnector.swift */,
				DD0000010000000000000111 /* CursorTeamProviderFactory.swift */,
				EE0000010000000000000201 /* Personal */,
			);
			path = Cursor;
			sourceTree = "<group>";
		};
		DD0000010000000000000203 /* Proxy */ = {
			isa = PBXGroup;
			children = (
				DD0000010000000000000113 /* ProxyProviderConnector.swift */,
				DD0000010000000000000115 /* ProxyProviderFactory.swift */,
			);
			path = Proxy;
			sourceTree = "<group>";
		};
		DD0000010000000000000204 /* Support */ = {
			isa = PBXGroup;
			children = (
				DD0000010000000000000119 /* InMemoryCredentialStore.swift */,
				DD000001000000000000011B /* MockURLProtocol.swift */,
			);
			path = Support;
			sourceTree = "<group>";
		};
		EE0000010000000000000201 /* Personal */ = {
			isa = PBXGroup;
			children = (
				EE0000010000000000000107 /* CursorPersonalDashboardServing.swift */,
				EE0000010000000000000109 /* CursorPersonalSessionValidator.swift */,
				EE000001000000000000010B /* ExperimentalCursorPersonalDashboardClient.swift */,
				EE000001000000000000010D /* CursorPersonalProviderConnector.swift */,
				EE000001000000000000010F /* CursorPersonalProviderFactory.swift */,
			);
			path = Personal;
			sourceTree = "<group>";
		};
/* End PBXGroup section */

/* Begin PBXNativeTarget section */
		AA0000010000000000000002 /* TokenBar */ = {
			isa = PBXNativeTarget;
			buildConfigurationList = AA0000010000000000000021 /* Build configuration list for PBXNativeTarget "TokenBar" */;
			buildPhases = (
				AA0000010000000000000015 /* Sources */,
				AA000001000000000000001B /* Frameworks */,
				AA0000010000000000000016 /* Resources */,
				AA000001000000000000002C /* Embed Foundation Extensions */,
			);
			buildRules = (
			);
			dependencies = (
				AA000001000000000000001E /* PBXTargetDependency */,
			);
			name = TokenBar;
			productName = TokenBar;
			productReference = AA0000010000000000000005 /* TokenBar.app */;
			productType = "com.apple.product-type.application";
		};
		AA0000010000000000000003 /* TokenBarWidget */ = {
			isa = PBXNativeTarget;
			buildConfigurationList = AA0000010000000000000022 /* Build configuration list for PBXNativeTarget "TokenBarWidget" */;
			buildPhases = (
				AA0000010000000000000017 /* Sources */,
				AA0000010000000000000030 /* Frameworks */,
				AA0000010000000000000018 /* Resources */,
			);
			buildRules = (
			);
			dependencies = (
			);
			name = TokenBarWidget;
			productName = TokenBarWidget;
			productReference = AA0000010000000000000006 /* TokenBarWidget.appex */;
			productType = "com.apple.product-type.app-extension";
		};
		AA0000010000000000000004 /* TokenBarTests */ = {
			isa = PBXNativeTarget;
			buildConfigurationList = AA0000010000000000000023 /* Build configuration list for PBXNativeTarget "TokenBarTests" */;
			buildPhases = (
				AA0000010000000000000019 /* Sources */,
				AA0000010000000000000031 /* Frameworks */,
			);
			buildRules = (
			);
			dependencies = (
				AA000001000000000000001F /* PBXTargetDependency */,
			);
			name = TokenBarTests;
			productName = TokenBarTests;
			productReference = AA0000010000000000000007 /* TokenBarTests.xctest */;
			productType = "com.apple.product-type.bundle.unit-test";
		};
/* End PBXNativeTarget section */

/* Begin PBXProject section */
		AA0000010000000000000001 /* Project object */ = {
			isa = PBXProject;
			attributes = {
				BuildIndependentTargetsInParallel = 1;
				LastSwiftUpdateCheck = 1600;
				LastUpgradeCheck = 1600;
				TargetAttributes = {
					AA0000010000000000000002 = {
						CreatedOnToolsVersion = 16.0;
					};
					AA0000010000000000000003 = {
						CreatedOnToolsVersion = 16.0;
					};
					AA0000010000000000000004 = {
						CreatedOnToolsVersion = 16.0;
						TestTargetID = AA0000010000000000000002;
					};
				};
			};
			buildConfigurationList = AA0000010000000000000020 /* Build configuration list for PBXProject "TokenBar" */;
			compatibilityVersion = "Xcode 14.0";
			developmentRegion = en;
			hasScannedForEncodings = 0;
			knownRegions = (
				en,
				Base,
			);
			mainGroup = AA0000010000000000000014;
			productRefGroup = AA0000010000000000000013 /* Products */;
			projectDirPath = "";
			projectRoot = "";
			targets = (
				AA0000010000000000000002 /* TokenBar */,
				AA0000010000000000000003 /* TokenBarWidget */,
				AA0000010000000000000004 /* TokenBarTests */,
			);
		};
/* End PBXProject section */

/* Begin PBXResourcesBuildPhase section */
		AA0000010000000000000016 /* Resources */ = {
			isa = PBXResourcesBuildPhase;
			buildActionMask = 2147483647;
			files = (
				AA0000010000000000000104 /* Assets.xcassets in Resources */,
			);
			runOnlyForDeploymentPostprocessing = 0;
		};
		AA0000010000000000000018 /* Resources */ = {
			isa = PBXResourcesBuildPhase;
			buildActionMask = 2147483647;
			files = (
				AA0000010000000000000107 /* Assets.xcassets in Resources */,
			);
			runOnlyForDeploymentPostprocessing = 0;
		};
/* End PBXResourcesBuildPhase section */

/* Begin PBXSourcesBuildPhase section */
		AA0000010000000000000015 /* Sources */ = {
			isa = PBXSourcesBuildPhase;
			buildActionMask = 2147483647;
			files = (
				BB0000010000000000000102 /* TokenBarApp.swift in Sources */,
				BB0000010000000000000104 /* AppEnvironment.swift in Sources */,
				BB0000010000000000000106 /* DisplayMode.swift in Sources */,
				BB0000010000000000000108 /* MenuBarDisplayFormatter.swift in Sources */,
				BB000001000000000000010A /* ProviderAccount.swift in Sources */,
				BB000001000000000000010C /* UsageAlert.swift in Sources */,
				BB000001000000000000010E /* UsageForecast.swift in Sources */,
				BB0000010000000000000110 /* UsageSnapshot.swift in Sources */,
				BB0000010000000000000112 /* MockProviderConnector.swift in Sources */,
				BB0000010000000000000114 /* ProviderConnector.swift in Sources */,
				BB0000010000000000000116 /* ProviderRegistry.swift in Sources */,
				BB0000010000000000000118 /* UsageService.swift in Sources */,
				BB000001000000000000011A /* UsageStore.swift in Sources */,
				BB000001000000000000011C /* UserPreferences.swift in Sources */,
				BB000001000000000000011E /* MenuBarLabelView.swift in Sources */,
				BB0000010000000000000120 /* MenuBarView.swift in Sources */,
				BB0000010000000000000122 /* SettingsView.swift in Sources */,
				CC0000010000000000000102 /* ProviderDescriptor.swift in Sources */,
				CC0000010000000000000104 /* ProviderFactory.swift in Sources */,
				CC0000010000000000000106 /* ProviderLifecycleService.swift in Sources */,
				CC0000010000000000000108 /* BuiltinProviderRegistration.swift in Sources */,
				CC000001000000000000010A /* MockProviderFactory.swift in Sources */,
				CC000001000000000000010C /* FailingMockProviderConnector.swift in Sources */,
				DD0000010000000000000102 /* CredentialKey.swift in Sources */,
				DD0000010000000000000104 /* ProviderCredentialStore.swift in Sources */,
				DD0000010000000000000106 /* KeychainCredentialStore.swift in Sources */,
				DD0000010000000000000108 /* ProviderConfigurationStore.swift in Sources */,
				DD000001000000000000010A /* ProviderFactoryContext.swift in Sources */,
				DD000001000000000000010C /* CursorTeamAPIClient.swift in Sources */,
				DD000001000000000000010E /* CursorTeamSpendMapper.swift in Sources */,
				DD0000010000000000000110 /* CursorTeamProviderConnector.swift in Sources */,
				DD0000010000000000000112 /* CursorTeamProviderFactory.swift in Sources */,
				DD0000010000000000000114 /* ProxyProviderConnector.swift in Sources */,
				DD0000010000000000000116 /* ProxyProviderFactory.swift in Sources */,
				DD0000010000000000000118 /* ProviderConnectionForm.swift in Sources */,
				EE0000010000000000000102 /* ProviderStability.swift in Sources */,
				EE0000010000000000000104 /* ProviderConnectionStatus.swift in Sources */,
				EE0000010000000000000106 /* CursorPersonalConnectionMethod.swift in Sources */,
				EE0000010000000000000108 /* CursorPersonalDashboardServing.swift in Sources */,
				EE000001000000000000010A /* CursorPersonalSessionValidator.swift in Sources */,
				EE000001000000000000010C /* ExperimentalCursorPersonalDashboardClient.swift in Sources */,
				EE000001000000000000010E /* CursorPersonalProviderConnector.swift in Sources */,
				EE0000010000000000000110 /* CursorPersonalProviderFactory.swift in Sources */,
				EE0000010000000000000112 /* AdvancedProvidersView.swift in Sources */,
				FF0000010000000000000102 /* UsageHistorySample.swift in Sources */,
				FF0000010000000000000104 /* ForecastingEngine.swift in Sources */,
				FF0000010000000000000106 /* UsageHistoryStore.swift in Sources */,
			);
			runOnlyForDeploymentPostprocessing = 0;
		};
		AA0000010000000000000017 /* Sources */ = {
			isa = PBXSourcesBuildPhase;
			buildActionMask = 2147483647;
			files = (
			);
			runOnlyForDeploymentPostprocessing = 0;
		};
		AA0000010000000000000019 /* Sources */ = {
			isa = PBXSourcesBuildPhase;
			buildActionMask = 2147483647;
			files = (
				BB0000010000000000000124 /* TokenBarTests.swift in Sources */,
				BB0000010000000000000126 /* MenuBarDisplayFormatterTests.swift in Sources */,
				BB0000010000000000000128 /* MockProviderConnectorTests.swift in Sources */,
				BB000001000000000000012A /* ProviderRegistryTests.swift in Sources */,
				BB000001000000000000012C /* UsageServiceTests.swift in Sources */,
				CC000001000000000000010E /* ProviderLifecycleServiceTests.swift in Sources */,
				DD000001000000000000011A /* InMemoryCredentialStore.swift in Sources */,
				DD000001000000000000011C /* MockURLProtocol.swift in Sources */,
				DD000001000000000000011E /* CursorTeamSpendMapperTests.swift in Sources */,
				DD0000010000000000000120 /* CursorTeamProviderConnectorTests.swift in Sources */,
				DD0000010000000000000122 /* ProxyProviderConnectorTests.swift in Sources */,
				EE0000010000000000000114 /* CursorPersonalDashboardClientTests.swift in Sources */,
				EE0000010000000000000116 /* CursorPersonalSessionValidatorTests.swift in Sources */,
				FF0000010000000000000108 /* ForecastingEngineTests.swift in Sources */,
				FF000001000000000000010A /* UsageHistoryStoreTests.swift in Sources */,
			);
			runOnlyForDeploymentPostprocessing = 0;
		};
/* End PBXSourcesBuildPhase section */

/* Begin PBXTargetDependency section */
		AA000001000000000000001E /* PBXTargetDependency */ = {
			isa = PBXTargetDependency;
			target = AA0000010000000000000003 /* TokenBarWidget */;
			targetProxy = AA0000010000000000000032 /* PBXContainerItemProxy */;
		};
		AA000001000000000000001F /* PBXTargetDependency */ = {
			isa = PBXTargetDependency;
			target = AA0000010000000000000002 /* TokenBar */;
			targetProxy = AA000001000000000000001D /* PBXContainerItemProxy */;
		};
/* End PBXTargetDependency section */

/* Begin XCBuildConfiguration section */
		AA0000010000000000000024 /* Debug */ = {
			isa = XCBuildConfiguration;
			buildSettings = {
				ALWAYS_SEARCH_USER_PATHS = NO;
				ASSETCATALOG_COMPILER_GENERATE_SWIFT_ASSET_SYMBOL_EXTENSIONS = YES;
				CLANG_ANALYZER_NONNULL = YES;
				CLANG_ANALYZER_NUMBER_OBJECT_CONVERSION = YES_AGGRESSIVE;
				CLANG_CXX_LANGUAGE_STANDARD = "gnu++20";
				CLANG_ENABLE_MODULES = YES;
				CLANG_ENABLE_OBJC_ARC = YES;
				CLANG_ENABLE_OBJC_WEAK = YES;
				CLANG_WARN_BLOCK_CAPTURE_AUTORELEASING = YES;
				CLANG_WARN_BOOL_CONVERSION = YES;
				CLANG_WARN_COMMA = YES;
				CLANG_WARN_CONSTANT_CONVERSION = YES;
				CLANG_WARN_DEPRECATED_OBJC_IMPLEMENTATIONS = YES;
				CLANG_WARN_DIRECT_OBJC_ISA_USAGE = YES_ERROR;
				CLANG_WARN_DOCUMENTATION_COMMENTS = YES;
				CLANG_WARN_EMPTY_BODY = YES;
				CLANG_WARN_ENUM_CONVERSION = YES;
				CLANG_WARN_INFINITE_RECURSION = YES;
				CLANG_WARN_INT_CONVERSION = YES;
				CLANG_WARN_NON_LITERAL_NULL_CONVERSION = YES;
				CLANG_WARN_OBJC_IMPLICIT_RETAIN_SELF = YES;
				CLANG_WARN_OBJC_LITERAL_CONVERSION = YES;
				CLANG_WARN_OBJC_ROOT_CLASS = YES_ERROR;
				CLANG_WARN_QUOTED_INCLUDE_IN_FRAMEWORK_HEADER = YES;
				CLANG_WARN_RANGE_LOOP_ANALYSIS = YES;
				CLANG_WARN_STRICT_PROTOTYPES = YES;
				CLANG_WARN_SUSPICIOUS_MOVE = YES;
				CLANG_WARN_UNGUARDED_AVAILABILITY = YES_AGGRESSIVE;
				CLANG_WARN_UNREACHABLE_CODE = YES;
				CLANG_WARN__DUPLICATE_METHOD_MATCH = YES;
				COPY_PHASE_STRIP = NO;
				DEAD_CODE_STRIPPING = YES;
				DEBUG_INFORMATION_FORMAT = dwarf;
				ENABLE_STRICT_OBJC_MSGSEND = YES;
				ENABLE_TESTABILITY = YES;
				ENABLE_USER_SCRIPT_SANDBOXING = YES;
				GCC_C_LANGUAGE_STANDARD = gnu17;
				GCC_DYNAMIC_NO_PIC = NO;
				GCC_NO_COMMON_BLOCKS = YES;
				GCC_OPTIMIZATION_LEVEL = 0;
				GCC_PREPROCESSOR_DEFINITIONS = (
					"DEBUG=1",
					"$(inherited)",
				);
				GCC_TREAT_WARNINGS_AS_ERRORS = YES;
				GCC_WARN_64_TO_32_BIT_CONVERSION = YES;
				GCC_WARN_ABOUT_RETURN_TYPE = YES_ERROR;
				GCC_WARN_UNDECLARED_SELECTOR = YES;
				GCC_WARN_UNINITIALIZED_AUTOS = YES_AGGRESSIVE;
				GCC_WARN_UNUSED_FUNCTION = YES;
				GCC_WARN_UNUSED_VARIABLE = YES;
				LOCALIZATION_PREFERS_STRING_CATALOGS = YES;
				MACOSX_DEPLOYMENT_TARGET = 13.0;
				MTL_ENABLE_DEBUG_INFO = INCLUDE_SOURCE;
				MTL_FAST_MATH = YES;
				ONLY_ACTIVE_ARCH = YES;
				SDKROOT = macosx;
				SWIFT_ACTIVE_COMPILATION_CONDITIONS = "DEBUG $(inherited)";
				SWIFT_OPTIMIZATION_LEVEL = "-Onone";
				SWIFT_TREAT_WARNINGS_AS_ERRORS = YES;
				SWIFT_VERSION = 6.0;
			};
			name = Debug;
		};
		AA0000010000000000000025 /* Release */ = {
			isa = XCBuildConfiguration;
			buildSettings = {
				ALWAYS_SEARCH_USER_PATHS = NO;
				ASSETCATALOG_COMPILER_GENERATE_SWIFT_ASSET_SYMBOL_EXTENSIONS = YES;
				CLANG_ANALYZER_NONNULL = YES;
				CLANG_ANALYZER_NUMBER_OBJECT_CONVERSION = YES_AGGRESSIVE;
				CLANG_CXX_LANGUAGE_STANDARD = "gnu++20";
				CLANG_ENABLE_MODULES = YES;
				CLANG_ENABLE_OBJC_ARC = YES;
				CLANG_ENABLE_OBJC_WEAK = YES;
				CLANG_WARN_BLOCK_CAPTURE_AUTORELEASING = YES;
				CLANG_WARN_BOOL_CONVERSION = YES;
				CLANG_WARN_COMMA = YES;
				CLANG_WARN_CONSTANT_CONVERSION = YES;
				CLANG_WARN_DEPRECATED_OBJC_IMPLEMENTATIONS = YES;
				CLANG_WARN_DIRECT_OBJC_ISA_USAGE = YES_ERROR;
				CLANG_WARN_DOCUMENTATION_COMMENTS = YES;
				CLANG_WARN_EMPTY_BODY = YES;
				CLANG_WARN_ENUM_CONVERSION = YES;
				CLANG_WARN_INFINITE_RECURSION = YES;
				CLANG_WARN_INT_CONVERSION = YES;
				CLANG_WARN_NON_LITERAL_NULL_CONVERSION = YES;
				CLANG_WARN_OBJC_IMPLICIT_RETAIN_SELF = YES;
				CLANG_WARN_OBJC_LITERAL_CONVERSION = YES;
				CLANG_WARN_OBJC_ROOT_CLASS = YES_ERROR;
				CLANG_WARN_QUOTED_INCLUDE_IN_FRAMEWORK_HEADER = YES;
				CLANG_WARN_RANGE_LOOP_ANALYSIS = YES;
				CLANG_WARN_STRICT_PROTOTYPES = YES;
				CLANG_WARN_SUSPICIOUS_MOVE = YES;
				CLANG_WARN_UNGUARDED_AVAILABILITY = YES_AGGRESSIVE;
				CLANG_WARN_UNREACHABLE_CODE = YES;
				CLANG_WARN__DUPLICATE_METHOD_MATCH = YES;
				COPY_PHASE_STRIP = NO;
				DEAD_CODE_STRIPPING = YES;
				DEBUG_INFORMATION_FORMAT = "dwarf-with-dsym";
				ENABLE_NS_ASSERTIONS = NO;
				ENABLE_STRICT_OBJC_MSGSEND = YES;
				ENABLE_USER_SCRIPT_SANDBOXING = YES;
				GCC_C_LANGUAGE_STANDARD = gnu17;
				GCC_NO_COMMON_BLOCKS = YES;
				GCC_TREAT_WARNINGS_AS_ERRORS = YES;
				GCC_WARN_64_TO_32_BIT_CONVERSION = YES;
				GCC_WARN_ABOUT_RETURN_TYPE = YES_ERROR;
				GCC_WARN_UNDECLARED_SELECTOR = YES;
				GCC_WARN_UNINITIALIZED_AUTOS = YES_AGGRESSIVE;
				GCC_WARN_UNUSED_FUNCTION = YES;
				GCC_WARN_UNUSED_VARIABLE = YES;
				LOCALIZATION_PREFERS_STRING_CATALOGS = YES;
				MACOSX_DEPLOYMENT_TARGET = 13.0;
				MTL_ENABLE_DEBUG_INFO = NO;
				MTL_FAST_MATH = YES;
				SDKROOT = macosx;
				SWIFT_COMPILATION_MODE = wholemodule;
				SWIFT_TREAT_WARNINGS_AS_ERRORS = YES;
				SWIFT_VERSION = 6.0;
			};
			name = Release;
		};
		AA0000010000000000000026 /* Debug */ = {
			isa = XCBuildConfiguration;
			buildSettings = {
				ASSETCATALOG_COMPILER_APPICON_NAME = AppIcon;
				ASSETCATALOG_COMPILER_GLOBAL_ACCENT_COLOR_NAME = AccentColor;
				CODE_SIGN_ENTITLEMENTS = "";
				CODE_SIGN_STYLE = Automatic;
				COMBINE_HIDPI_IMAGES = YES;
				CURRENT_PROJECT_VERSION = 1;
				DEVELOPMENT_TEAM = "";
				ENABLE_HARDENED_RUNTIME = YES;
				GENERATE_INFOPLIST_FILE = YES;
				INFOPLIST_KEY_CFBundleDisplayName = "Token Bar";
				INFOPLIST_KEY_LSApplicationCategoryType = "public.app-category.utilities";
				INFOPLIST_KEY_LSUIElement = YES;
				INFOPLIST_KEY_NSHumanReadableCopyright = "";
				LD_RUNPATH_SEARCH_PATHS = (
					"$(inherited)",
					"@executable_path/../Frameworks",
				);
				MACOSX_DEPLOYMENT_TARGET = 26.0;
				MARKETING_VERSION = 0.1.0;
				PRODUCT_BUNDLE_IDENTIFIER = com.tokenbar.TokenBar;
				PRODUCT_NAME = "$(TARGET_NAME)";
				SWIFT_EMIT_LOC_STRINGS = YES;
				SWIFT_VERSION = 6.0;
			};
			name = Debug;
		};
		AA0000010000000000000027 /* Release */ = {
			isa = XCBuildConfiguration;
			buildSettings = {
				ASSETCATALOG_COMPILER_APPICON_NAME = AppIcon;
				ASSETCATALOG_COMPILER_GLOBAL_ACCENT_COLOR_NAME = AccentColor;
				CODE_SIGN_ENTITLEMENTS = "";
				CODE_SIGN_STYLE = Automatic;
				COMBINE_HIDPI_IMAGES = YES;
				CURRENT_PROJECT_VERSION = 1;
				DEVELOPMENT_TEAM = "";
				ENABLE_HARDENED_RUNTIME = YES;
				GENERATE_INFOPLIST_FILE = YES;
				INFOPLIST_KEY_CFBundleDisplayName = "Token Bar";
				INFOPLIST_KEY_LSApplicationCategoryType = "public.app-category.utilities";
				INFOPLIST_KEY_LSUIElement = YES;
				INFOPLIST_KEY_NSHumanReadableCopyright = "";
				LD_RUNPATH_SEARCH_PATHS = (
					"$(inherited)",
					"@executable_path/../Frameworks",
				);
				MACOSX_DEPLOYMENT_TARGET = 26.0;
				MARKETING_VERSION = 0.1.0;
				PRODUCT_BUNDLE_IDENTIFIER = com.tokenbar.TokenBar;
				PRODUCT_NAME = "$(TARGET_NAME)";
				SWIFT_EMIT_LOC_STRINGS = YES;
				SWIFT_VERSION = 6.0;
			};
			name = Release;
		};
		AA0000010000000000000028 /* Debug */ = {
			isa = XCBuildConfiguration;
			buildSettings = {
				ASSETCATALOG_COMPILER_GLOBAL_ACCENT_COLOR_NAME = AccentColor;
				ASSETCATALOG_COMPILER_WIDGET_BACKGROUND_COLOR_NAME = WidgetBackground;
				CODE_SIGN_STYLE = Automatic;
				CURRENT_PROJECT_VERSION = 1;
				DEVELOPMENT_TEAM = "";
				GENERATE_INFOPLIST_FILE = YES;
				INFOPLIST_KEY_CFBundleDisplayName = TokenBarWidget;
				INFOPLIST_KEY_NSExtension_NSExtensionPointIdentifier = "com.apple.widgetkit-extension";
				INFOPLIST_KEY_NSHumanReadableCopyright = "";
				LD_RUNPATH_SEARCH_PATHS = (
					"$(inherited)",
					"@executable_path/../Frameworks",
					"@executable_path/../../Frameworks",
				);
				MACOSX_DEPLOYMENT_TARGET = 26.0;
				MARKETING_VERSION = 0.1.0;
				PRODUCT_BUNDLE_IDENTIFIER = com.tokenbar.TokenBar.TokenBarWidget;
				PRODUCT_NAME = "$(TARGET_NAME)";
				SKIP_INSTALL = YES;
				SWIFT_EMIT_LOC_STRINGS = YES;
				SWIFT_VERSION = 6.0;
			};
			name = Debug;
		};
		AA0000010000000000000029 /* Release */ = {
			isa = XCBuildConfiguration;
			buildSettings = {
				ASSETCATALOG_COMPILER_GLOBAL_ACCENT_COLOR_NAME = AccentColor;
				ASSETCATALOG_COMPILER_WIDGET_BACKGROUND_COLOR_NAME = WidgetBackground;
				CODE_SIGN_STYLE = Automatic;
				CURRENT_PROJECT_VERSION = 1;
				DEVELOPMENT_TEAM = "";
				GENERATE_INFOPLIST_FILE = YES;
				INFOPLIST_KEY_CFBundleDisplayName = TokenBarWidget;
				INFOPLIST_KEY_NSExtension_NSExtensionPointIdentifier = "com.apple.widgetkit-extension";
				INFOPLIST_KEY_NSHumanReadableCopyright = "";
				LD_RUNPATH_SEARCH_PATHS = (
					"$(inherited)",
					"@executable_path/../Frameworks",
					"@executable_path/../../Frameworks",
				);
				MACOSX_DEPLOYMENT_TARGET = 26.0;
				MARKETING_VERSION = 0.1.0;
				PRODUCT_BUNDLE_IDENTIFIER = com.tokenbar.TokenBar.TokenBarWidget;
				PRODUCT_NAME = "$(TARGET_NAME)";
				SKIP_INSTALL = YES;
				SWIFT_EMIT_LOC_STRINGS = YES;
				SWIFT_VERSION = 6.0;
			};
			name = Release;
		};
		AA000001000000000000002A /* Debug */ = {
			isa = XCBuildConfiguration;
			buildSettings = {
				BUNDLE_LOADER = "$(TEST_HOST)";
				CODE_SIGN_STYLE = Automatic;
				CURRENT_PROJECT_VERSION = 1;
				DEVELOPMENT_TEAM = "";
				GENERATE_INFOPLIST_FILE = YES;
				MACOSX_DEPLOYMENT_TARGET = 26.0;
				MARKETING_VERSION = 0.1.0;
				PRODUCT_BUNDLE_IDENTIFIER = com.tokenbar.TokenBarTests;
				PRODUCT_NAME = "$(TARGET_NAME)";
				SWIFT_EMIT_LOC_STRINGS = NO;
				SWIFT_VERSION = 6.0;
				TEST_HOST = "$(BUILT_PRODUCTS_DIR)/TokenBar.app/$(BUNDLE_EXECUTABLE_FOLDER_PATH)/TokenBar";
			};
			name = Debug;
		};
		AA000001000000000000002B /* Release */ = {
			isa = XCBuildConfiguration;
			buildSettings = {
				BUNDLE_LOADER = "$(TEST_HOST)";
				CODE_SIGN_STYLE = Automatic;
				CURRENT_PROJECT_VERSION = 1;
				DEVELOPMENT_TEAM = "";
				GENERATE_INFOPLIST_FILE = YES;
				MACOSX_DEPLOYMENT_TARGET = 26.0;
				MARKETING_VERSION = 0.1.0;
				PRODUCT_BUNDLE_IDENTIFIER = com.tokenbar.TokenBarTests;
				PRODUCT_NAME = "$(TARGET_NAME)";
				SWIFT_EMIT_LOC_STRINGS = NO;
				SWIFT_VERSION = 6.0;
				TEST_HOST = "$(BUILT_PRODUCTS_DIR)/TokenBar.app/$(BUNDLE_EXECUTABLE_FOLDER_PATH)/TokenBar";
			};
			name = Release;
		};
/* End XCBuildConfiguration section */

/* Begin XCConfigurationList section */
		AA0000010000000000000020 /* Build configuration list for PBXProject "TokenBar" */ = {
			isa = XCConfigurationList;
			buildConfigurations = (
				AA0000010000000000000024 /* Debug */,
				AA0000010000000000000025 /* Release */,
			);
			defaultConfigurationIsVisible = 0;
			defaultConfigurationName = Release;
		};
		AA0000010000000000000021 /* Build configuration list for PBXNativeTarget "TokenBar" */ = {
			isa = XCConfigurationList;
			buildConfigurations = (
				AA0000010000000000000026 /* Debug */,
				AA0000010000000000000027 /* Release */,
			);
			defaultConfigurationIsVisible = 0;
			defaultConfigurationName = Release;
		};
		AA0000010000000000000022 /* Build configuration list for PBXNativeTarget "TokenBarWidget" */ = {
			isa = XCConfigurationList;
			buildConfigurations = (
				AA0000010000000000000028 /* Debug */,
				AA0000010000000000000029 /* Release */,
			);
			defaultConfigurationIsVisible = 0;
			defaultConfigurationName = Release;
		};
		AA0000010000000000000023 /* Build configuration list for PBXNativeTarget "TokenBarTests" */ = {
			isa = XCConfigurationList;
			buildConfigurations = (
				AA000001000000000000002A /* Debug */,
				AA000001000000000000002B /* Release */,
			);
			defaultConfigurationIsVisible = 0;
			defaultConfigurationName = Release;
		};
/* End XCConfigurationList section */
	};
	rootObject = AA0000010000000000000001 /* Project object */;
}
